// !$*UTF8*$!
{
	archiveVersion = 1;
	classes = {
	};
	objectVersion = 50;
	objects = {

/* Begin PBXBuildFile section */
		BB248BDC20B5794600EAF794 /* main.m in Sources */ = {isa = PBXBuildFile; fileRef = BB248BDB20B5794600EAF794 /* main.m */; };
		BB248BE420B579A400EAF794 /* LIUCalculator.m in Sources */ = {isa = PBXBuildFile; fileRef = BB248BE320B579A400EAF794 /* LIUCalculator.m */; };
		BB248BE720B57BBA00EAF794 /* NSObject+LIUCalculate.m in Sources */ = {isa = PBXBuildFile; fileRef = BB248BE620B57BBA00EAF794 /* NSObject+LIUCalculate.m */; };
/* End PBXBuildFile section */

/* Begin PBXCopyFilesBuildPhase section */
		BB248BD620B5794600EAF794 /* CopyFiles */ = {
			isa = PBXCopyFilesBuildPhase;
			buildActionMask = 2147483647;
			dstPath = /usr/share/man/man1/;
			dstSubfolderSpec = 0;
			files = (
			);
			runOnlyForDeploymentPostprocessing = 1;
		};
/* End PBXCopyFilesBuildPhase section */

/* Begin PBXFileReference section */
		BB248BD820B5794600EAF794 /* chain_operation */ = {isa = PBXFileReference; explicitFileType = "compiled.mach-o.executable"; includeInIndex = 0; path = chain_operation; sourceTree = BUILT_PRODUCTS_DIR; };
		BB248BDB20B5794600EAF794 /* main.m */ = {isa = PBXFileReference; lastKnownFileType = sourcecode.c.objc; path = main.m; sourceTree = "<group>"; };
		BB248BE220B579A400EAF794 /* LIUCalculator.h */ = {isa = PBXFileReference; lastKnownFileType = sourcecode.c.h; path = LIUCalculator.h; sourceTree = "<group>"; };
		BB248BE320B579A400EAF794 /* LIUCalculator.m */ = {isa = PBXFileReference; lastKnownFileType = sourcecode.c.objc; path = LIUCalculator.m; sourceTree = "<group>"; };
		BB248BE520B57BBA00EAF794 /* NSObject+LIUCalculate.h */ = {isa = PBXFileReference; lastKnownFileType = sourcecode.c.h; path = "NSObject+LIUCalculate.h"; sourceTree = "<group>"; };
		BB248BE620B57BBA00EAF794 /* NSObject+LIUCalculate.m */ = {isa = PBXFileReference; lastKnownFileType = sourcecode.c.objc; path = "NSObject+LIUCalculate.m"; sourceTree = "<group>"; };
/* End PBXFileReference section */

/* Begin PBXFrameworksBuildPhase section */
		BB248BD520B5794600EAF794 /* Frameworks */ = {
			isa = PBXFrameworksBuildPhase;
			buildActionMask = 2147483647;
			files = (
			);
			runOnlyForDeploymentPostprocessing = 0;
		};
/* End PBXFrameworksBuildPhase section */

/* Begin PBXGroup section */
		BB248BCF20B5794600EAF794 = {
			isa = PBXGroup;
			children = (
				BB248BDA20B5794600EAF794 /* chain_operation */,
				BB248BD920B5794600EAF794 /* Products */,
			);
			sourceTree = "<group>";
		};
		BB248BD920B5794600EAF794 /* Products */ = {
			isa = PBXGroup;
			children = (
				BB248BD820B5794600EAF794 /* chain_operation */,
			);
			name = Products;
			sourceTree = "<group>";
		};
		BB248BDA20B5794600EAF794 /* chain_operation */ = {
			isa = PBXGroup;
			children = (
				BB248BDB20B5794600EAF794 /* main.m */,
				BB248BE220B579A400EAF794 /* LIUCalculator.h */,
				BB248BE320B579A400EAF794 /* LIUCalculator.m */,
				BB248BE520B57BBA00EAF794 /* NSObject+LIUCalculate.h */,
				BB248BE620B57BBA00EAF794 /* NSObject+LIUCalculate.m */,
			);
			path = chain_operation;
			sourceTree = "<group>";
		};
/* End PBXGroup section */

/* Begin PBXNativeTarget section */
		BB248BD720B5794600EAF794 /* chain_operation */ = {
			isa = PBXNativeTarget;
			buildConfigurationList = BB248BDF20B5794600EAF794 /* Build configuration list for PBXNativeTarget "chain_operation" */;
			buildPhases = (
				BB248BD420B5794600EAF794 /* Sources */,
				BB248BD520B5794600EAF794 /* Frameworks */,
				BB248BD620B5794600EAF794 /* CopyFiles */,
			);
			buildRules = (
			);
			dependencies = (
			);
			name = chain_operation;
			productName = chain_operation;
			productReference = BB248BD820B5794600EAF794 /* chain_operation */;
			productType = "com.apple.product-type.tool";
		};
/* End PBXNativeTarget section */

/* Begin PBXProject section */
		BB248BD020B5794600EAF794 /* Project object */ = {
			isa = PBXProject;
			attributes = {
				LastUpgradeCheck = 0930;
				ORGANIZATIONNAME = "Limit Liu";
				TargetAttributes = {
					BB248BD720B5794600EAF794 = {
						CreatedOnToolsVersion = 9.3.1;
					};
				};
			};
			buildConfigurationList = BB248BD320B5794600EAF794 /* Build configuration list for PBXProject "chain_operation" */;
			compatibilityVersion = "Xcode 9.3";
			developmentRegion = en;
			hasScannedForEncodings = 0;
			knownRegions = (
				en,
			);
			mainGroup = BB248BCF20B5794600EAF794;
			productRefGroup = BB248BD920B5794600EAF794 /* Products */;
			projectDirPath = "";
			projectRoot = "";
			targets = (
				BB248BD720B5794600EAF794 /* chain_operation */,
			);
		};
/* End PBXProject section */

/* Begin PBXSourcesBuildPhase section */
		BB248BD420B5794600EAF794 /* Sources */ = {
			isa = PBXSourcesBuildPhase;
			buildActionMask = 2147483647;
			files = (
				BB248BE420B579A400EAF794 /* LIUCalculator.m in Sources */,
				BB248BE720B57BBA00EAF794 /* NSObject+LIUCalculate.m in Sources */,
				BB248BDC20B5794600EAF794 /* main.m in Sources */,
			);
			runOnlyForDeploymentPostprocessing = 0;
		};
/* End PBXSourcesBuildPhase section */

/* Begin XCBuildConfiguration section */
		BB248BDD20B5794600EAF794 /* Debug */ = {
			isa = XCBuildConfiguration;
			buildSettings = {
				ALWAYS_SEARCH_USER_PATHS = NO;
				CLANG_ANALYZER_NONNULL = YES;
				CLANG_ANALYZER_NUMBER_OBJECT_CONVERSION = YES_AGGRESSIVE;
				CLANG_CXX_LANGUAGE_STANDARD = "gnu++14";
				CLANG_CXX_LIBRARY = "libc++";
				CLANG_ENABLE_MODULES = YES;
				CLANG_ENABLE_OBJC_ARC = YES;
				CLANG_ENABLE_OBJC_WEAK = YES;
				CLANG_WARN_BLOCK_CAPTURE_AUTORELEASING = YES;
				CLANG_WARN_BOOL_CONVERSION = YES;
				CLANG_WARN_COMMA = YES;
				CLANG_WARN_CONSTANT_CONVERSION = YES;
				CLANG_WARN_DEPRECATED_OBJC_IMPLEMENTATIONS = YES;
				CLANG_WARN_DIRECT_OBJC_ISA_USAGE = YES_ERROR;
				CLANG_WARN_DOCUMENTATION_COMMENTS = YES;
				CLANG_WARN_EMPTY_BODY = YES;
				CLANG_WARN_ENUM_CONVERSION = YES;
				CLANG_WARN_INFINITE_RECURSION = YES;
				CLANG_WARN_INT_CONVERSION = YES;
				CLANG_WARN_NON_LITERAL_NULL_CONVERSION = YES;
				CLANG_WARN_OBJC_IMPLICIT_RETAIN_SELF = YES;
				CLANG_WARN_OBJC_LITERAL_CONVERSION = YES;
				CLANG_WARN_OBJC_ROOT_CLASS = YES_ERROR;
				CLANG_WARN_RANGE_LOOP_ANALYSIS = YES;
				CLANG_WARN_STRICT_PROTOTYPES = YES;
				CLANG_WARN_SUSPICIOUS_MOVE = YES;
				CLANG_WARN_UNGUARDED_AVAILABILITY = YES_AGGRESSIVE;
				CLANG_WARN_UNREACHABLE_CODE = YES;
				CLANG_WARN__DUPLICATE_METHOD_MATCH = YES;
				CODE_SIGN_IDENTITY = "-";
				COPY_PHASE_STRIP = NO;
				DEBUG_INFORMATION_FORMAT = dwarf;
				ENABLE_STRICT_OBJC_MSGSEND = YES;
				ENABLE_TESTABILITY = YES;
				GCC_C_LANGUAGE_STANDARD = gnu11;
				GCC_DYNAMIC_NO_PIC = NO;
				GCC_NO_COMMON_BLOCKS = YES;
				GCC_OPTIMIZATION_LEVEL = 0;
				GCC_PREPROCESSOR_DEFINITIONS = (
					"DEBUG=1",
					"$(inherited)",
				);
				GCC_WARN_64_TO_32_BIT_CONVERSION = YES;
				GCC_WARN_ABOUT_RETURN_TYPE = YES_ERROR;
				GCC_WARN_UNDECLARED_SELECTOR = YES;
				GCC_WARN_UNINITIALIZED_AUTOS = YES_AGGRESSIVE;
				GCC_WARN_UNUSED_FUNCTION = YES;
				GCC_WARN_UNUSED_VARIABLE = YES;
				MACOSX_DEPLOYMENT_TARGET = 10.13;
				MTL_ENABLE_DEBUG_INFO = YES;
				ONLY_ACTIVE_ARCH = YES;
				SDKROOT = macosx;
			};
			name = Debug;
		};
		BB248BDE20B5794600EAF794 /* Release */ = {
			isa = XCBuildConfiguration;
			buildSettings = {
				ALWAYS_SEARCH_USER_PATHS = NO;
				CLANG_ANALYZER_NONNULL = YES;
				CLANG_ANALYZER_NUMBER_OBJECT_CONVERSION = YES_AGGRESSIVE;
				CLANG_CXX_LANGUAGE_STANDARD = "gnu++14";
				CLANG_CXX_LIBRARY = "libc++";
				CLANG_ENABLE_MODULES = YES;
				CLANG_ENABLE_OBJC_ARC = YES;
				CLANG_ENABLE_OBJC_WEAK = YES;
				CLANG_WARN_BLOCK_CAPTURE_AUTORELEASING = YES;
				CLANG_WARN_BOOL_CONVERSION = YES;
				CLANG_WARN_COMMA = YES;
				CLANG_WARN_CONSTANT_CONVERSION = YES;
				CLANG_WARN_DEPRECATED_OBJC_IMPLEMENTATIONS = YES;
				CLANG_WARN_DIRECT_OBJC_ISA_USAGE = YES_ERROR;
				CLANG_WARN_DOCUMENTATION_COMMENTS = YES;
				CLANG_WARN_EMPTY_BODY = YES;
				CLANG_WARN_ENUM_CONVERSION = YES;
				CLANG_WARN_INFINITE_RECURSION = YES;
				CLANG_WARN_INT_CONVERSION = YES;
				CLANG_WARN_NON_LITERAL_NULL_CONVERSION = YES;
				CLANG_WARN_OBJC_IMPLICIT_RETAIN_SELF = YES;
				CLANG_WARN_OBJC_LITERAL_CONVERSION = YES;
				CLANG_WARN_OBJC_ROOT_CLASS = YES_ERROR;
				CLANG_WARN_RANGE_LOOP_ANALYSIS = YES;
				CLANG_WARN_STRICT_PROTOTYPES = YES;
				CLANG_WARN_SUSPICIOUS_MOVE = YES;
				CLANG_WARN_UNGUARDED_AVAILABILITY = YES_AGGRESSIVE;
				CLANG_WARN_UNREACHABLE_CODE = YES;
				CLANG_WARN__DUPLICATE_METHOD_MATCH = YES;
				CODE_SIGN_IDENTITY = "-";
				COPY_PHASE_STRIP = NO;
				DEBUG_INFORMATION_FORMAT = "dwarf-with-dsym";
				ENABLE_NS_ASSERTIONS = NO;
				ENABLE_STRICT_OBJC_MSGSEND = YES;
				GCC_C_LANGUAGE_STANDARD = gnu11;
				GCC_NO_COMMON_BLOCKS = YES;
				GCC_WARN_64_TO_32_BIT_CONVERSION = YES;
				GCC_WARN_ABOUT_RETURN_TYPE = YES_ERROR;
				GCC_WARN_UNDECLARED_SELECTOR = YES;
				GCC_WARN_UNINITIALIZED_AUTOS = YES_AGGRESSIVE;
				GCC_WARN_UNUSED_FUNCTION = YES;
				GCC_WARN_UNUSED_VARIABLE = YES;
				MACOSX_DEPLOYMENT_TARGET = 10.13;
				MTL_ENABLE_DEBUG_INFO = NO;
				SDKROOT = macosx;
			};
			name = Release;
		};
		BB248BE020B5794600EAF794 /* Debug */ = {
			isa = XCBuildConfiguration;
			buildSettings = {
				CODE_SIGN_STYLE = Automatic;
				PRODUCT_NAME = "$(TARGET_NAME)";
			};
			name = Debug;
		};
		BB248BE120B5794600EAF794 /* Release */ = {
			isa = XCBuildConfiguration;
			buildSettings = {
				CODE_SIGN_STYLE = Automatic;
				PRODUCT_NAME = "$(TARGET_NAME)";
			};
			name = Release;
		};
/* End XCBuildConfiguration section */

/* Begin XCConfigurationList section */
		BB248BD320B5794600EAF794 /* Build configuration list for PBXProject "chain_operation" */ = {
			isa = XCConfigurationList;
			buildConfigurations = (
				BB248BDD20B5794600EAF794 /* Debug */,
				BB248BDE20B5794600EAF794 /* Release */,
			);
			defaultConfigurationIsVisible = 0;
			defaultConfigurationName = Release;
		};
		BB248BDF20B5794600EAF794 /* Build configuration list for PBXNativeTarget "chain_operation" */ = {
			isa = XCConfigurationList;
			buildConfigurations = (
				BB248BE020B5794600EAF794 /* Debug */,
				BB248BE120B5794600EAF794 /* Release */,
			);
			defaultConfigurationIsVisible = 0;
			defaultConfigurationName = Release;
		};
/* End XCConfigurationList section */
	};
	rootObject = BB248BD020B5794600EAF794 /* Project object */;
}
