// !$*UTF8*$!
{
	archiveVersion = 1;
	classes = {
	};
	objectVersion = 50;
	objects = {

/* Begin PBXBuildFile section */
		BB248BC020B568AE00EAF794 /* main.m in Sources */ = {isa = PBXBuildFile; fileRef = BB248BBF20B568AE00EAF794 /* main.m */; };
		BB248BC820B5691F00EAF794 /* LIUCat.m in Sources */ = {isa = PBXBuildFile; fileRef = BB248BC720B5691F00EAF794 /* LIUCat.m */; };
		BB248BCB20B570B500EAF794 /* LIURabbit.m in Sources */ = {isa = PBXBuildFile; fileRef = BB248BCA20B570B500EAF794 /* LIURabbit.m */; };
		BB248BCE20B5749200EAF794 /* LIUCat+Property.m in Sources */ = {isa = PBXBuildFile; fileRef = BB248BCD20B5749200EAF794 /* LIUCat+Property.m */; };
/* End PBXBuildFile section */

/* Begin PBXCopyFilesBuildPhase section */
		BB248BBA20B568AE00EAF794 /* CopyFiles */ = {
			isa = PBXCopyFilesBuildPhase;
			buildActionMask = 2147483647;
			dstPath = /usr/share/man/man1/;
			dstSubfolderSpec = 0;
			files = (
			);
			runOnlyForDeploymentPostprocessing = 1;
		};
/* End PBXCopyFilesBuildPhase section */

/* Begin PBXFileReference section */
		BB248BBC20B568AE00EAF794 /* runtime_study */ = {isa = PBXFileReference; explicitFileType = "compiled.mach-o.executable"; includeInIndex = 0; path = runtime_study; sourceTree = BUILT_PRODUCTS_DIR; };
		BB248BBF20B568AE00EAF794 /* main.m */ = {isa = PBXFileReference; lastKnownFileType = sourcecode.c.objc; path = main.m; sourceTree = "<group>"; };
		BB248BC620B5691F00EAF794 /* LIUCat.h */ = {isa = PBXFileReference; lastKnownFileType = sourcecode.c.h; path = LIUCat.h; sourceTree = "<group>"; };
		BB248BC720B5691F00EAF794 /* LIUCat.m */ = {isa = PBXFileReference; lastKnownFileType = sourcecode.c.objc; path = LIUCat.m; sourceTree = "<group>"; };
		BB248BC920B570B500EAF794 /* LIURabbit.h */ = {isa = PBXFileReference; lastKnownFileType = sourcecode.c.h; path = LIURabbit.h; sourceTree = "<group>"; };
		BB248BCA20B570B500EAF794 /* LIURabbit.m */ = {isa = PBXFileReference; lastKnownFileType = sourcecode.c.objc; path = LIURabbit.m; sourceTree = "<group>"; };
		BB248BCC20B5749200EAF794 /* LIUCat+Property.h */ = {isa = PBXFileReference; lastKnownFileType = sourcecode.c.h; path = "LIUCat+Property.h"; sourceTree = "<group>"; };
		BB248BCD20B5749200EAF794 /* LIUCat+Property.m */ = {isa = PBXFileReference; lastKnownFileType = sourcecode.c.objc; path = "LIUCat+Property.m"; sourceTree = "<group>"; };
/* End PBXFileReference section */

/* Begin PBXFrameworksBuildPhase section */
		BB248BB920B568AE00EAF794 /* Frameworks */ = {
			isa = PBXFrameworksBuildPhase;
			buildActionMask = 2147483647;
			files = (
			);
			runOnlyForDeploymentPostprocessing = 0;
		};
/* End PBXFrameworksBuildPhase section */

/* Begin PBXGroup section */
		BB248BB320B568AE00EAF794 = {
			isa = PBXGroup;
			children = (
				BB248BBE20B568AE00EAF794 /* runtime_study */,
				BB248BBD20B568AE00EAF794 /* Products */,
			);
			sourceTree = "<group>";
		};
		BB248BBD20B568AE00EAF794 /* Products */ = {
			isa = PBXGroup;
			children = (
				BB248BBC20B568AE00EAF794 /* runtime_study */,
			);
			name = Products;
			sourceTree = "<group>";
		};
		BB248BBE20B568AE00EAF794 /* runtime_study */ = {
			isa = PBXGroup;
			children = (
				BB248BBF20B568AE00EAF794 /* main.m */,
				BB248BC620B5691F00EAF794 /* LIUCat.h */,
				BB248BC720B5691F00EAF794 /* LIUCat.m */,
				BB248BC920B570B500EAF794 /* LIURabbit.h */,
				BB248BCA20B570B500EAF794 /* LIURabbit.m */,
				BB248BCC20B5749200EAF794 /* LIUCat+Property.h */,
				BB248BCD20B5749200EAF794 /* LIUCat+Property.m */,
			);
			path = runtime_study;
			sourceTree = "<group>";
		};
/* End PBXGroup section */

/* Begin PBXNativeTarget section */
		BB248BBB20B568AE00EAF794 /* runtime_study */ = {
			isa = PBXNativeTarget;
			buildConfigurationList = BB248BC320B568AE00EAF794 /* Build configuration list for PBXNativeTarget "runtime_study" */;
			buildPhases = (
				BB248BB820B568AE00EAF794 /* Sources */,
				BB248BB920B568AE00EAF794 /* Frameworks */,
				BB248BBA20B568AE00EAF794 /* CopyFiles */,
			);
			buildRules = (
			);
			dependencies = (
			);
			name = runtime_study;
			productName = runtime_study;
			productReference = BB248BBC20B568AE00EAF794 /* runtime_study */;
			productType = "com.apple.product-type.tool";
		};
/* End PBXNativeTarget section */

/* Begin PBXProject section */
		BB248BB420B568AE00EAF794 /* Project object */ = {
			isa = PBXProject;
			attributes = {
				LastUpgradeCheck = 0930;
				ORGANIZATIONNAME = "Limit Liu";
				TargetAttributes = {
					BB248BBB20B568AE00EAF794 = {
						CreatedOnToolsVersion = 9.3.1;
					};
				};
			};
			buildConfigurationList = BB248BB720B568AE00EAF794 /* Build configuration list for PBXProject "runtime_study" */;
			compatibilityVersion = "Xcode 9.3";
			developmentRegion = en;
			hasScannedForEncodings = 0;
			knownRegions = (
				en,
			);
			mainGroup = BB248BB320B568AE00EAF794;
			productRefGroup = BB248BBD20B568AE00EAF794 /* Products */;
			projectDirPath = "";
			projectRoot = "";
			targets = (
				BB248BBB20B568AE00EAF794 /* runtime_study */,
			);
		};
/* End PBXProject section */

/* Begin PBXSourcesBuildPhase section */
		BB248BB820B568AE00EAF794 /* Sources */ = {
			isa = PBXSourcesBuildPhase;
			buildActionMask = 2147483647;
			files = (
				BB248BCB20B570B500EAF794 /* LIURabbit.m in Sources */,
				BB248BC020B568AE00EAF794 /* main.m in Sources */,
				BB248BCE20B5749200EAF794 /* LIUCat+Property.m in Sources */,
				BB248BC820B5691F00EAF794 /* LIUCat.m in Sources */,
			);
			runOnlyForDeploymentPostprocessing = 0;
		};
/* End PBXSourcesBuildPhase section */

/* Begin XCBuildConfiguration section */
		BB248BC120B568AE00EAF794 /* Debug */ = {
			isa = XCBuildConfiguration;
			buildSettings = {
				ALWAYS_SEARCH_USER_PATHS = NO;
				CLANG_ANALYZER_NONNULL = YES;
				CLANG_ANALYZER_NUMBER_OBJECT_CONVERSION = YES_AGGRESSIVE;
				CLANG_CXX_LANGUAGE_STANDARD = "gnu++14";
				CLANG_CXX_LIBRARY = "libc++";
				CLANG_ENABLE_MODULES = YES;
				CLANG_ENABLE_OBJC_ARC = YES;
				CLANG_ENABLE_OBJC_WEAK = YES;
				CLANG_WARN_BLOCK_CAPTURE_AUTORELEASING = YES;
				CLANG_WARN_BOOL_CONVERSION = YES;
				CLANG_WARN_COMMA = YES;
				CLANG_WARN_CONSTANT_CONVERSION = YES;
				CLANG_WARN_DEPRECATED_OBJC_IMPLEMENTATIONS = YES;
				CLANG_WARN_DIRECT_OBJC_ISA_USAGE = YES_ERROR;
				CLANG_WARN_DOCUMENTATION_COMMENTS = YES;
				CLANG_WARN_EMPTY_BODY = YES;
				CLANG_WARN_ENUM_CONVERSION = YES;
				CLANG_WARN_INFINITE_RECURSION = YES;
				CLANG_WARN_INT_CONVERSION = YES;
				CLANG_WARN_NON_LITERAL_NULL_CONVERSION = YES;
				CLANG_WARN_OBJC_IMPLICIT_RETAIN_SELF = YES;
				CLANG_WARN_OBJC_LITERAL_CONVERSION = YES;
				CLANG_WARN_OBJC_ROOT_CLASS = YES_ERROR;
				CLANG_WARN_RANGE_LOOP_ANALYSIS = YES;
				CLANG_WARN_STRICT_PROTOTYPES = YES;
				CLANG_WARN_SUSPICIOUS_MOVE = YES;
				CLANG_WARN_UNGUARDED_AVAILABILITY = YES_AGGRESSIVE;
				CLANG_WARN_UNREACHABLE_CODE = YES;
				CLANG_WARN__DUPLICATE_METHOD_MATCH = YES;
				CODE_SIGN_IDENTITY = "-";
				COPY_PHASE_STRIP = NO;
				DEBUG_INFORMATION_FORMAT = dwarf;
				ENABLE_STRICT_OBJC_MSGSEND = YES;
				ENABLE_TESTABILITY = YES;
				GCC_C_LANGUAGE_STANDARD = gnu11;
				GCC_DYNAMIC_NO_PIC = NO;
				GCC_NO_COMMON_BLOCKS = YES;
				GCC_OPTIMIZATION_LEVEL = 0;
				GCC_PREPROCESSOR_DEFINITIONS = (
					"DEBUG=1",
					"$(inherited)",
				);
				GCC_WARN_64_TO_32_BIT_CONVERSION = YES;
				GCC_WARN_ABOUT_RETURN_TYPE = YES_ERROR;
				GCC_WARN_UNDECLARED_SELECTOR = YES;
				GCC_WARN_UNINITIALIZED_AUTOS = YES_AGGRESSIVE;
				GCC_WARN_UNUSED_FUNCTION = YES;
				GCC_WARN_UNUSED_VARIABLE = YES;
				MACOSX_DEPLOYMENT_TARGET = 10.13;
				MTL_ENABLE_DEBUG_INFO = YES;
				ONLY_ACTIVE_ARCH = YES;
				SDKROOT = macosx;
			};
			name = Debug;
		};
		BB248BC220B568AE00EAF794 /* Release */ = {
			isa = XCBuildConfiguration;
			buildSettings = {
				ALWAYS_SEARCH_USER_PATHS = NO;
				CLANG_ANALYZER_NONNULL = YES;
				CLANG_ANALYZER_NUMBER_OBJECT_CONVERSION = YES_AGGRESSIVE;
				CLANG_CXX_LANGUAGE_STANDARD = "gnu++14";
				CLANG_CXX_LIBRARY = "libc++";
				CLANG_ENABLE_MODULES = YES;
				CLANG_ENABLE_OBJC_ARC = YES;
				CLANG_ENABLE_OBJC_WEAK = YES;
				CLANG_WARN_BLOCK_CAPTURE_AUTORELEASING = YES;
				CLANG_WARN_BOOL_CONVERSION = YES;
				CLANG_WARN_COMMA = YES;
				CLANG_WARN_CONSTANT_CONVERSION = YES;
				CLANG_WARN_DEPRECATED_OBJC_IMPLEMENTATIONS = YES;
				CLANG_WARN_DIRECT_OBJC_ISA_USAGE = YES_ERROR;
				CLANG_WARN_DOCUMENTATION_COMMENTS = YES;
				CLANG_WARN_EMPTY_BODY = YES;
				CLANG_WARN_ENUM_CONVERSION = YES;
				CLANG_WARN_INFINITE_RECURSION = YES;
				CLANG_WARN_INT_CONVERSION = YES;
				CLANG_WARN_NON_LITERAL_NULL_CONVERSION = YES;
				CLANG_WARN_OBJC_IMPLICIT_RETAIN_SELF = YES;
				CLANG_WARN_OBJC_LITERAL_CONVERSION = YES;
				CLANG_WARN_OBJC_ROOT_CLASS = YES_ERROR;
				CLANG_WARN_RANGE_LOOP_ANALYSIS = YES;
				CLANG_WARN_STRICT_PROTOTYPES = YES;
				CLANG_WARN_SUSPICIOUS_MOVE = YES;
				CLANG_WARN_UNGUARDED_AVAILABILITY = YES_AGGRESSIVE;
				CLANG_WARN_UNREACHABLE_CODE = YES;
				CLANG_WARN__DUPLICATE_METHOD_MATCH = YES;
				CODE_SIGN_IDENTITY = "-";
				COPY_PHASE_STRIP = NO;
				DEBUG_INFORMATION_FORMAT = "dwarf-with-dsym";
				ENABLE_NS_ASSERTIONS = NO;
				ENABLE_STRICT_OBJC_MSGSEND = YES;
				GCC_C_LANGUAGE_STANDARD = gnu11;
				GCC_NO_COMMON_BLOCKS = YES;
				GCC_WARN_64_TO_32_BIT_CONVERSION = YES;
				GCC_WARN_ABOUT_RETURN_TYPE = YES_ERROR;
				GCC_WARN_UNDECLARED_SELECTOR = YES;
				GCC_WARN_UNINITIALIZED_AUTOS = YES_AGGRESSIVE;
				GCC_WARN_UNUSED_FUNCTION = YES;
				GCC_WARN_UNUSED_VARIABLE = YES;
				MACOSX_DEPLOYMENT_TARGET = 10.13;
				MTL_ENABLE_DEBUG_INFO = NO;
				SDKROOT = macosx;
			};
			name = Release;
		};
		BB248BC420B568AE00EAF794 /* Debug */ = {
			isa = XCBuildConfiguration;
			buildSettings = {
				CODE_SIGN_STYLE = Automatic;
				ENABLE_STRICT_OBJC_MSGSEND = NO;
				PRODUCT_NAME = "$(TARGET_NAME)";
			};
			name = Debug;
		};
		BB248BC520B568AE00EAF794 /* Release */ = {
			isa = XCBuildConfiguration;
			buildSettings = {
				CODE_SIGN_STYLE = Automatic;
				ENABLE_STRICT_OBJC_MSGSEND = NO;
				PRODUCT_NAME = "$(TARGET_NAME)";
			};
			name = Release;
		};
/* End XCBuildConfiguration section */

/* Begin XCConfigurationList section */
		BB248BB720B568AE00EAF794 /* Build configuration list for PBXProject "runtime_study" */ = {
			isa = XCConfigurationList;
			buildConfigurations = (
				BB248BC120B568AE00EAF794 /* Debug */,
				BB248BC220B568AE00EAF794 /* Release */,
			);
			defaultConfigurationIsVisible = 0;
			defaultConfigurationName = Release;
		};
		BB248BC320B568AE00EAF794 /* Build configuration list for PBXNativeTarget "runtime_study" */ = {
			isa = XCConfigurationList;
			buildConfigurations = (
				BB248BC420B568AE00EAF794 /* Debug */,
				BB248BC520B568AE00EAF794 /* Release */,
			);
			defaultConfigurationIsVisible = 0;
			defaultConfigurationName = Release;
		};
/* End XCConfigurationList section */
	};
	rootObject = BB248BB420B568AE00EAF794 /* Project object */;
}
